// !$*UTF8*$!
{
	archiveVersion = 1;
	classes = {
	};
	objectVersion = 48;
	objects = {

/* Begin PBXBuildFile section */
		33C1133320947659005D3E33 /* AppDelegate.m in Sources */ = {isa = PBXBuildFile; fileRef = 33C1133220947659005D3E33 /* AppDelegate.m */; };
		33C1133620947659005D3E33 /* ViewController.m in Sources */ = {isa = PBXBuildFile; fileRef = 33C1133520947659005D3E33 /* ViewController.m */; };
		33C1133920947659005D3E33 /* Main.storyboard in Resources */ = {isa = PBXBuildFile; fileRef = 33C1133720947659005D3E33 /* Main.storyboard */; };
		33C1133B20947659005D3E33 /* Assets.xcassets in Resources */ = {isa = PBXBuildFile; fileRef = 33C1133A20947659005D3E33 /* Assets.xcassets */; };
		33C1133E20947659005D3E33 /* LaunchScreen.storyboard in Resources */ = {isa = PBXBuildFile; fileRef = 33C1133C20947659005D3E33 /* LaunchScreen.storyboard */; };
		33C1134120947659005D3E33 /* main.m in Sources */ = {isa = PBXBuildFile; fileRef = 33C1134020947659005D3E33 /* main.m */; };
		33C1134B20947659005D3E33 /* FDRefreshTests.m in Sources */ = {isa = PBXBuildFile; fileRef = 33C1134A20947659005D3E33 /* FDRefreshTests.m */; };
		33C1135620947659005D3E33 /* FDRefreshUITests.m in Sources */ = {isa = PBXBuildFile; fileRef = 33C1135520947659005D3E33 /* FDRefreshUITests.m */; };
/* End PBXBuildFile section */

/* Begin PBXContainerItemProxy section */
		33C1134720947659005D3E33 /* PBXContainerItemProxy */ = {
			isa = PBXContainerItemProxy;
			containerPortal = 33C1132620947659005D3E33 /* Project object */;
			proxyType = 1;
			remoteGlobalIDString = 33C1132D20947659005D3E33;
			remoteInfo = FDRefresh;
		};
		33C1135220947659005D3E33 /* PBXContainerItemProxy */ = {
			isa = PBXContainerItemProxy;
			containerPortal = 33C1132620947659005D3E33 /* Project object */;
			proxyType = 1;
			remoteGlobalIDString = 33C1132D20947659005D3E33;
			remoteInfo = FDRefresh;
		};
/* End PBXContainerItemProxy section */

/* Begin PBXFileReference section */
		33C1132E20947659005D3E33 /* FDRefresh.app */ = {isa = PBXFileReference; explicitFileType = wrapper.application; includeInIndex = 0; path = FDRefresh.app; sourceTree = BUILT_PRODUCTS_DIR; };
		33C1133120947659005D3E33 /* AppDelegate.h */ = {isa = PBXFileReference; lastKnownFileType = sourcecode.c.h; path = AppDelegate.h; sourceTree = "<group>"; };
		33C1133220947659005D3E33 /* AppDelegate.m */ = {isa = PBXFileReference; lastKnownFileType = sourcecode.c.objc; path = AppDelegate.m; sourceTree = "<group>"; };
		33C1133420947659005D3E33 /* ViewController.h */ = {isa = PBXFileReference; lastKnownFileType = sourcecode.c.h; path = ViewController.h; sourceTree = "<group>"; };
		33C1133520947659005D3E33 /* ViewController.m */ = {isa = PBXFileReference; lastKnownFileType = sourcecode.c.objc; path = ViewController.m; sourceTree = "<group>"; };
		33C1133820947659005D3E33 /* Base */ = {isa = PBXFileReference; lastKnownFileType = file.storyboard; name = Base; path = Base.lproj/Main.storyboard; sourceTree = "<group>"; };
		33C1133A20947659005D3E33 /* Assets.xcassets */ = {isa = PBXFileReference; lastKnownFileType = folder.assetcatalog; path = Assets.xcassets; sourceTree = "<group>"; };
		33C1133D20947659005D3E33 /* Base */ = {isa = PBXFileReference; lastKnownFileType = file.storyboard; name = Base; path = Base.lproj/LaunchScreen.storyboard; sourceTree = "<group>"; };
		33C1133F20947659005D3E33 /* Info.plist */ = {isa = PBXFileReference; lastKnownFileType = text.plist.xml; path = Info.plist; sourceTree = "<group>"; };
		33C1134020947659005D3E33 /* main.m */ = {isa = PBXFileReference; lastKnownFileType = sourcecode.c.objc; path = main.m; sourceTree = "<group>"; };
		33C1134620947659005D3E33 /* FDRefreshTests.xctest */ = {isa = PBXFileReference; explicitFileType = wrapper.cfbundle; includeInIndex = 0; path = FDRefreshTests.xctest; sourceTree = BUILT_PRODUCTS_DIR; };
		33C1134A20947659005D3E33 /* FDRefreshTests.m */ = {isa = PBXFileReference; lastKnownFileType = sourcecode.c.objc; path = FDRefreshTests.m; sourceTree = "<group>"; };
		33C1134C20947659005D3E33 /* Info.plist */ = {isa = PBXFileReference; lastKnownFileType = text.plist.xml; path = Info.plist; sourceTree = "<group>"; };
		33C1135120947659005D3E33 /* FDRefreshUITests.xctest */ = {isa = PBXFileReference; explicitFileType = wrapper.cfbundle; includeInIndex = 0; path = FDRefreshUITests.xctest; sourceTree = BUILT_PRODUCTS_DIR; };
		33C1135520947659005D3E33 /* FDRefreshUITests.m */ = {isa = PBXFileReference; lastKnownFileType = sourcecode.c.objc; path = FDRefreshUITests.m; sourceTree = "<group>"; };
		33C1135720947659005D3E33 /* Info.plist */ = {isa = PBXFileReference; lastKnownFileType = text.plist.xml; path = Info.plist; sourceTree = "<group>"; };
/* End PBXFileReference section */

/* Begin PBXFrameworksBuildPhase section */
		33C1132B20947659005D3E33 /* Frameworks */ = {
			isa = PBXFrameworksBuildPhase;
			buildActionMask = 2147483647;
			files = (
			);
			runOnlyForDeploymentPostprocessing = 0;
		};
		33C1134320947659005D3E33 /* Frameworks */ = {
			isa = PBXFrameworksBuildPhase;
			buildActionMask = 2147483647;
			files = (
			);
			runOnlyForDeploymentPostprocessing = 0;
		};
		33C1134E20947659005D3E33 /* Frameworks */ = {
			isa = PBXFrameworksBuildPhase;
			buildActionMask = 2147483647;
			files = (
			);
			runOnlyForDeploymentPostprocessing = 0;
		};
/* End PBXFrameworksBuildPhase section */

/* Begin PBXGroup section */
		33C1132520947658005D3E33 = {
			isa = PBXGroup;
			children = (
				33C1133020947659005D3E33 /* FDRefresh */,
				33C1134920947659005D3E33 /* FDRefreshTests */,
				33C1135420947659005D3E33 /* FDRefreshUITests */,
				33C1132F20947659005D3E33 /* Products */,
			);
			sourceTree = "<group>";
		};
		33C1132F20947659005D3E33 /* Products */ = {
			isa = PBXGroup;
			children = (
				33C1132E20947659005D3E33 /* FDRefresh.app */,
				33C1134620947659005D3E33 /* FDRefreshTests.xctest */,
				33C1135120947659005D3E33 /* FDRefreshUITests.xctest */,
			);
			name = Products;
			sourceTree = "<group>";
		};
		33C1133020947659005D3E33 /* FDRefresh */ = {
			isa = PBXGroup;
			children = (
				33C1133120947659005D3E33 /* AppDelegate.h */,
				33C1133220947659005D3E33 /* AppDelegate.m */,
				33C1133420947659005D3E33 /* ViewController.h */,
				33C1133520947659005D3E33 /* ViewController.m */,
				33C1133720947659005D3E33 /* Main.storyboard */,
				33C1133A20947659005D3E33 /* Assets.xcassets */,
				33C1133C20947659005D3E33 /* LaunchScreen.storyboard */,
				33C1133F20947659005D3E33 /* Info.plist */,
				33C1134020947659005D3E33 /* main.m */,
			);
			path = FDRefresh;
			sourceTree = "<group>";
		};
		33C1134920947659005D3E33 /* FDRefreshTests */ = {
			isa = PBXGroup;
			children = (
				33C1134A20947659005D3E33 /* FDRefreshTests.m */,
				33C1134C20947659005D3E33 /* Info.plist */,
			);
			path = FDRefreshTests;
			sourceTree = "<group>";
		};
		33C1135420947659005D3E33 /* FDRefreshUITests */ = {
			isa = PBXGroup;
			children = (
				33C1135520947659005D3E33 /* FDRefreshUITests.m */,
				33C1135720947659005D3E33 /* Info.plist */,
			);
			path = FDRefreshUITests;
			sourceTree = "<group>";
		};
/* End PBXGroup section */

/* Begin PBXNativeTarget section */
		33C1132D20947659005D3E33 /* FDRefresh */ = {
			isa = PBXNativeTarget;
			buildConfigurationList = 33C1135A20947659005D3E33 /* Build configuration list for PBXNativeTarget "FDRefresh" */;
			buildPhases = (
				33C1132A20947659005D3E33 /* Sources */,
				33C1132B20947659005D3E33 /* Frameworks */,
				33C1132C20947659005D3E33 /* Resources */,
			);
			buildRules = (
			);
			dependencies = (
			);
			name = FDRefresh;
			productName = FDRefresh;
			productReference = 33C1132E20947659005D3E33 /* FDRefresh.app */;
			productType = "com.apple.product-type.application";
		};
		33C1134520947659005D3E33 /* FDRefreshTests */ = {
			isa = PBXNativeTarget;
			buildConfigurationList = 33C1135D20947659005D3E33 /* Build configuration list for PBXNativeTarget "FDRefreshTests" */;
			buildPhases = (
				33C1134220947659005D3E33 /* Sources */,
				33C1134320947659005D3E33 /* Frameworks */,
				33C1134420947659005D3E33 /* Resources */,
			);
			buildRules = (
			);
			dependencies = (
				33C1134820947659005D3E33 /* PBXTargetDependency */,
			);
			name = FDRefreshTests;
			productName = FDRefreshTests;
			productReference = 33C1134620947659005D3E33 /* FDRefreshTests.xctest */;
			productType = "com.apple.product-type.bundle.unit-test";
		};
		33C1135020947659005D3E33 /* FDRefreshUITests */ = {
			isa = PBXNativeTarget;
			buildConfigurationList = 33C1136020947659005D3E33 /* Build configuration list for PBXNativeTarget "FDRefreshUITests" */;
			buildPhases = (
				33C1134D20947659005D3E33 /* Sources */,
				33C1134E20947659005D3E33 /* Frameworks */,
				33C1134F20947659005D3E33 /* Resources */,
			);
			buildRules = (
			);
			dependencies = (
				33C1135320947659005D3E33 /* PBXTargetDependency */,
			);
			name = FDRefreshUITests;
			productName = FDRefreshUITests;
			productReference = 33C1135120947659005D3E33 /* FDRefreshUITests.xctest */;
			productType = "com.apple.product-type.bundle.ui-testing";
		};
/* End PBXNativeTarget section */

/* Begin PBXProject section */
		33C1132620947659005D3E33 /* Project object */ = {
			isa = PBXProject;
			attributes = {
				LastUpgradeCheck = 0920;
				ORGANIZATIONNAME = "汪林林";
				TargetAttributes = {
					33C1132D20947659005D3E33 = {
						CreatedOnToolsVersion = 9.2;
						ProvisioningStyle = Automatic;
					};
					33C1134520947659005D3E33 = {
						CreatedOnToolsVersion = 9.2;
						ProvisioningStyle = Automatic;
						TestTargetID = 33C1132D20947659005D3E33;
					};
					33C1135020947659005D3E33 = {
						CreatedOnToolsVersion = 9.2;
						ProvisioningStyle = Automatic;
						TestTargetID = 33C1132D20947659005D3E33;
					};
				};
			};
			buildConfigurationList = 33C1132920947659005D3E33 /* Build configuration list for PBXProject "FDRefresh" */;
			compatibilityVersion = "Xcode 8.0";
			developmentRegion = en;
			hasScannedForEncodings = 0;
			knownRegions = (
				en,
				Base,
			);
			mainGroup = 33C1132520947658005D3E33;
			productRefGroup = 33C1132F20947659005D3E33 /* Products */;
			projectDirPath = "";
			projectRoot = "";
			targets = (
				33C1132D20947659005D3E33 /* FDRefresh */,
				33C1134520947659005D3E33 /* FDRefreshTests */,
				33C1135020947659005D3E33 /* FDRefreshUITests */,
			);
		};
/* End PBXProject section */

/* Begin PBXResourcesBuildPhase section */
		33C1132C20947659005D3E33 /* Resources */ = {
			isa = PBXResourcesBuildPhase;
			buildActionMask = 2147483647;
			files = (
				33C1133E20947659005D3E33 /* LaunchScreen.storyboard in Resources */,
				33C1133B20947659005D3E33 /* Assets.xcassets in Resources */,
				33C1133920947659005D3E33 /* Main.storyboard in Resources */,
			);
			runOnlyForDeploymentPostprocessing = 0;
		};
		33C1134420947659005D3E33 /* Resources */ = {
			isa = PBXResourcesBuildPhase;
			buildActionMask = 2147483647;
			files = (
			);
			runOnlyForDeploymentPostprocessing = 0;
		};
		33C1134F20947659005D3E33 /* Resources */ = {
			isa = PBXResourcesBuildPhase;
			buildActionMask = 2147483647;
			files = (
			);
			runOnlyForDeploymentPostprocessing = 0;
		};
/* End PBXResourcesBuildPhase section */

/* Begin PBXSourcesBuildPhase section */
		33C1132A20947659005D3E33 /* Sources */ = {
			isa = PBXSourcesBuildPhase;
			buildActionMask = 2147483647;
			files = (
				33C1133620947659005D3E33 /* ViewController.m in Sources */,
				33C1134120947659005D3E33 /* main.m in Sources */,
				33C1133320947659005D3E33 /* AppDelegate.m in Sources */,
			);
			runOnlyForDeploymentPostprocessing = 0;
		};
		33C1134220947659005D3E33 /* Sources */ = {
			isa = PBXSourcesBuildPhase;
			buildActionMask = 2147483647;
			files = (
				33C1134B20947659005D3E33 /* FDRefreshTests.m in Sources */,
			);
			runOnlyForDeploymentPostprocessing = 0;
		};
		33C1134D20947659005D3E33 /* Sources */ = {
			isa = PBXSourcesBuildPhase;
			buildActionMask = 2147483647;
			files = (
				33C1135620947659005D3E33 /* FDRefreshUITests.m in Sources */,
			);
			runOnlyForDeploymentPostprocessing = 0;
		};
/* End PBXSourcesBuildPhase section */

/* Begin PBXTargetDependency section */
		33C1134820947659005D3E33 /* PBXTargetDependency */ = {
			isa = PBXTargetDependency;
			target = 33C1132D20947659005D3E33 /* FDRefresh */;
			targetProxy = 33C1134720947659005D3E33 /* PBXContainerItemProxy */;
		};
		33C1135320947659005D3E33 /* PBXTargetDependency */ = {
			isa = PBXTargetDependency;
			target = 33C1132D20947659005D3E33 /* FDRefresh */;
			targetProxy = 33C1135220947659005D3E33 /* PBXContainerItemProxy */;
		};
/* End PBXTargetDependency section */

/* Begin PBXVariantGroup section */
		33C1133720947659005D3E33 /* Main.storyboard */ = {
			isa = PBXVariantGroup;
			children = (
				33C1133820947659005D3E33 /* Base */,
			);
			name = Main.storyboard;
			sourceTree = "<group>";
		};
		33C1133C20947659005D3E33 /* LaunchScreen.storyboard */ = {
			isa = PBXVariantGroup;
			children = (
				33C1133D20947659005D3E33 /* Base */,
			);
			name = LaunchScreen.storyboard;
			sourceTree = "<group>";
		};
/* End PBXVariantGroup section */

/* Begin XCBuildConfiguration section */
		33C1135820947659005D3E33 /* Debug */ = {
			isa = XCBuildConfiguration;
			buildSettings = {
				ALWAYS_SEARCH_USER_PATHS = NO;
				CLANG_ANALYZER_NONNULL = YES;
				CLANG_ANALYZER_NUMBER_OBJECT_CONVERSION = YES_AGGRESSIVE;
				CLANG_CXX_LANGUAGE_STANDARD = "gnu++14";
				CLANG_CXX_LIBRARY = "libc++";
				CLANG_ENABLE_MODULES = YES;
				CLANG_ENABLE_OBJC_ARC = YES;
				CLANG_WARN_BLOCK_CAPTURE_AUTORELEASING = YES;
				CLANG_WARN_BOOL_CONVERSION = YES;
				CLANG_WARN_COMMA = YES;
				CLANG_WARN_CONSTANT_CONVERSION = YES;
				CLANG_WARN_DIRECT_OBJC_ISA_USAGE = YES_ERROR;
				CLANG_WARN_DOCUMENTATION_COMMENTS = YES;
				CLANG_WARN_EMPTY_BODY = YES;
				CLANG_WARN_ENUM_CONVERSION = YES;
				CLANG_WARN_INFINITE_RECURSION = YES;
				CLANG_WARN_INT_CONVERSION = YES;
				CLANG_WARN_NON_LITERAL_NULL_CONVERSION = YES;
				CLANG_WARN_OBJC_LITERAL_CONVERSION = YES;
				CLANG_WARN_OBJC_ROOT_CLASS = YES_ERROR;
				CLANG_WARN_RANGE_LOOP_ANALYSIS = YES;
				CLANG_WARN_STRICT_PROTOTYPES = YES;
				CLANG_WARN_SUSPICIOUS_MOVE = YES;
				CLANG_WARN_UNGUARDED_AVAILABILITY = YES_AGGRESSIVE;
				CLANG_WARN_UNREACHABLE_CODE = YES;
				CLANG_WARN__DUPLICATE_METHOD_MATCH = YES;
				CODE_SIGN_IDENTITY = "iPhone Developer";
				COPY_PHASE_STRIP = NO;
				DEBUG_INFORMATION_FORMAT = dwarf;
				ENABLE_STRICT_OBJC_MSGSEND = YES;
				ENABLE_TESTABILITY = YES;
				GCC_C_LANGUAGE_STANDARD = gnu11;
				GCC_DYNAMIC_NO_PIC = NO;
				GCC_NO_COMMON_BLOCKS = YES;
				GCC_OPTIMIZATION_LEVEL = 0;
				GCC_PREPROCESSOR_DEFINITIONS = (
					"DEBUG=1",
					"$(inherited)",
				);
				GCC_WARN_64_TO_32_BIT_CONVERSION = YES;
				GCC_WARN_ABOUT_RETURN_TYPE = YES_ERROR;
				GCC_WARN_UNDECLARED_SELECTOR = YES;
				GCC_WARN_UNINITIALIZED_AUTOS = YES_AGGRESSIVE;
				GCC_WARN_UNUSED_FUNCTION = YES;
				GCC_WARN_UNUSED_VARIABLE = YES;
				IPHONEOS_DEPLOYMENT_TARGET = 11.2;
				MTL_ENABLE_DEBUG_INFO = YES;
				ONLY_ACTIVE_ARCH = YES;
				SDKROOT = iphoneos;
			};
			name = Debug;
		};
		33C1135920947659005D3E33 /* Release */ = {
			isa = XCBuildConfiguration;
			buildSettings = {
				ALWAYS_SEARCH_USER_PATHS = NO;
				CLANG_ANALYZER_NONNULL = YES;
				CLANG_ANALYZER_NUMBER_OBJECT_CONVERSION = YES_AGGRESSIVE;
				CLANG_CXX_LANGUAGE_STANDARD = "gnu++14";
				CLANG_CXX_LIBRARY = "libc++";
				CLANG_ENABLE_MODULES = YES;
				CLANG_ENABLE_OBJC_ARC = YES;
				CLANG_WARN_BLOCK_CAPTURE_AUTORELEASING = YES;
				CLANG_WARN_BOOL_CONVERSION = YES;
				CLANG_WARN_COMMA = YES;
				CLANG_WARN_CONSTANT_CONVERSION = YES;
				CLANG_WARN_DIRECT_OBJC_ISA_USAGE = YES_ERROR;
				CLANG_WARN_DOCUMENTATION_COMMENTS = YES;
				CLANG_WARN_EMPTY_BODY = YES;
				CLANG_WARN_ENUM_CONVERSION = YES;
				CLANG_WARN_INFINITE_RECURSION = YES;
				CLANG_WARN_INT_CONVERSION = YES;
				CLANG_WARN_NON_LITERAL_NULL_CONVERSION = YES;
				CLANG_WARN_OBJC_LITERAL_CONVERSION = YES;
				CLANG_WARN_OBJC_ROOT_CLASS = YES_ERROR;
				CLANG_WARN_RANGE_LOOP_ANALYSIS = YES;
				CLANG_WARN_STRICT_PROTOTYPES = YES;
				CLANG_WARN_SUSPICIOUS_MOVE = YES;
				CLANG_WARN_UNGUARDED_AVAILABILITY = YES_AGGRESSIVE;
				CLANG_WARN_UNREACHABLE_CODE = YES;
				CLANG_WARN__DUPLICATE_METHOD_MATCH = YES;
				CODE_SIGN_IDENTITY = "iPhone Developer";
				COPY_PHASE_STRIP = NO;
				DEBUG_INFORMATION_FORMAT = "dwarf-with-dsym";
				ENABLE_NS_ASSERTIONS = NO;
				ENABLE_STRICT_OBJC_MSGSEND = YES;
				GCC_C_LANGUAGE_STANDARD = gnu11;
				GCC_NO_COMMON_BLOCKS = YES;
				GCC_WARN_64_TO_32_BIT_CONVERSION = YES;
				GCC_WARN_ABOUT_RETURN_TYPE = YES_ERROR;
				GCC_WARN_UNDECLARED_SELECTOR = YES;
				GCC_WARN_UNINITIALIZED_AUTOS = YES_AGGRESSIVE;
				GCC_WARN_UNUSED_FUNCTION = YES;
				GCC_WARN_UNUSED_VARIABLE = YES;
				IPHONEOS_DEPLOYMENT_TARGET = 11.2;
				MTL_ENABLE_DEBUG_INFO = NO;
				SDKROOT = iphoneos;
				VALIDATE_PRODUCT = YES;
			};
			name = Release;
		};
		33C1135B20947659005D3E33 /* Debug */ = {
			isa = XCBuildConfiguration;
			buildSettings = {
				ASSETCATALOG_COMPILER_APPICON_NAME = AppIcon;
				CODE_SIGN_STYLE = Automatic;
				INFOPLIST_FILE = FDRefresh/Info.plist;
				LD_RUNPATH_SEARCH_PATHS = "$(inherited) @executable_path/Frameworks";
				PRODUCT_BUNDLE_IDENTIFIER = ios.linlinwang.com.FDRefresh;
				PRODUCT_NAME = "$(TARGET_NAME)";
				TARGETED_DEVICE_FAMILY = "1,2";
			};
			name = Debug;
		};
		33C1135C20947659005D3E33 /* Release */ = {
			isa = XCBuildConfiguration;
			buildSettings = {
				ASSETCATALOG_COMPILER_APPICON_NAME = AppIcon;
				CODE_SIGN_STYLE = Automatic;
				INFOPLIST_FILE = FDRefresh/Info.plist;
				LD_RUNPATH_SEARCH_PATHS = "$(inherited) @executable_path/Frameworks";
				PRODUCT_BUNDLE_IDENTIFIER = ios.linlinwang.com.FDRefresh;
				PRODUCT_NAME = "$(TARGET_NAME)";
				TARGETED_DEVICE_FAMILY = "1,2";
			};
			name = Release;
		};
		33C1135E20947659005D3E33 /* Debug */ = {
			isa = XCBuildConfiguration;
			buildSettings = {
				BUNDLE_LOADER = "$(TEST_HOST)";
				CODE_SIGN_STYLE = Automatic;
				INFOPLIST_FILE = FDRefreshTests/Info.plist;
				LD_RUNPATH_SEARCH_PATHS = "$(inherited) @executable_path/Frameworks @loader_path/Frameworks";
				PRODUCT_BUNDLE_IDENTIFIER = ios.linlinwang.com.FDRefreshTests;
				PRODUCT_NAME = "$(TARGET_NAME)";
				TARGETED_DEVICE_FAMILY = "1,2";
				TEST_HOST = "$(BUILT_PRODUCTS_DIR)/FDRefresh.app/FDRefresh";
			};
			name = Debug;
		};
		33C1135F20947659005D3E33 /* Release */ = {
			isa = XCBuildConfiguration;
			buildSettings = {
				BUNDLE_LOADER = "$(TEST_HOST)";
				CODE_SIGN_STYLE = Automatic;
				INFOPLIST_FILE = FDRefreshTests/Info.plist;
				LD_RUNPATH_SEARCH_PATHS = "$(inherited) @executable_path/Frameworks @loader_path/Frameworks";
				PRODUCT_BUNDLE_IDENTIFIER = ios.linlinwang.com.FDRefreshTests;
				PRODUCT_NAME = "$(TARGET_NAME)";
				TARGETED_DEVICE_FAMILY = "1,2";
				TEST_HOST = "$(BUILT_PRODUCTS_DIR)/FDRefresh.app/FDRefresh";
			};
			name = Release;
		};
		33C1136120947659005D3E33 /* Debug */ = {
			isa = XCBuildConfiguration;
			buildSettings = {
				CODE_SIGN_STYLE = Automatic;
				INFOPLIST_FILE = FDRefreshUITests/Info.plist;
				LD_RUNPATH_SEARCH_PATHS = "$(inherited) @executable_path/Frameworks @loader_path/Frameworks";
				PRODUCT_BUNDLE_IDENTIFIER = ios.linlinwang.com.FDRefreshUITests;
				PRODUCT_NAME = "$(TARGET_NAME)";
				TARGETED_DEVICE_FAMILY = "1,2";
				TEST_TARGET_NAME = FDRefresh;
			};
			name = Debug;
		};
		33C1136220947659005D3E33 /* Release */ = {
			isa = XCBuildConfiguration;
			buildSettings = {
				CODE_SIGN_STYLE = Automatic;
				INFOPLIST_FILE = FDRefreshUITests/Info.plist;
				LD_RUNPATH_SEARCH_PATHS = "$(inherited) @executable_path/Frameworks @loader_path/Frameworks";
				PRODUCT_BUNDLE_IDENTIFIER = ios.linlinwang.com.FDRefreshUITests;
				PRODUCT_NAME = "$(TARGET_NAME)";
				TARGETED_DEVICE_FAMILY = "1,2";
				TEST_TARGET_NAME = FDRefresh;
			};
			name = Release;
		};
/* End XCBuildConfiguration section */

/* Begin XCConfigurationList section */
		33C1132920947659005D3E33 /* Build configuration list for PBXProject "FDRefresh" */ = {
			isa = XCConfigurationList;
			buildConfigurations = (
				33C1135820947659005D3E33 /* Debug */,
				33C1135920947659005D3E33 /* Release */,
			);
			defaultConfigurationIsVisible = 0;
			defaultConfigurationName = Release;
		};
		33C1135A20947659005D3E33 /* Build configuration list for PBXNativeTarget "FDRefresh" */ = {
			isa = XCConfigurationList;
			buildConfigurations = (
				33C1135B20947659005D3E33 /* Debug */,
				33C1135C20947659005D3E33 /* Release */,
			);
			defaultConfigurationIsVisible = 0;
			defaultConfigurationName = Release;
		};
		33C1135D20947659005D3E33 /* Build configuration list for PBXNativeTarget "FDRefreshTests" */ = {
			isa = XCConfigurationList;
			buildConfigurations = (
				33C1135E20947659005D3E33 /* Debug */,
				33C1135F20947659005D3E33 /* Release */,
			);
			defaultConfigurationIsVisible = 0;
			defaultConfigurationName = Release;
		};
		33C1136020947659005D3E33 /* Build configuration list for PBXNativeTarget "FDRefreshUITests" */ = {
			isa = XCConfigurationList;
			buildConfigurations = (
				33C1136120947659005D3E33 /* Debug */,
				33C1136220947659005D3E33 /* Release */,
			);
			defaultConfigurationIsVisible = 0;
			defaultConfigurationName = Release;
		};
/* End XCConfigurationList section */
	};
	rootObject = 33C1132620947659005D3E33 /* Project object */;
}
